{
  "originHash" : "14c3accfcd4a544deaa51a85fdbdc5868a8334df08c71ec39b0309880edbd430",
  "pins" : [
    {
      "identity" : "testpackage1",
      "kind" : "remoteSourceControl",
      "location" : "https://github.com/alhafram/TestPackage1.git",
      "state" : {
        "branch" : "main",
        "revision" : "f990a2dc3d86606beaeb53c72320b42e8992f609"
      }
    },
    {
      "identity" : "testpackage2",
      "kind" : "remoteSourceControl",
      "location" : "https://github.com/alhafram/TestPackage2.git",
      "state" : {
        "branch" : "main",
        "revision" : "f9f5a738c6c3942b32540525bc5fb6644207fa9c"
      }
    }
  ],
  "version" : 3
}
